
Microsoft Visual Studio Solution File, Format Version 12.00
# Visual Studio Version 17
VisualStudioVersion = 17.0.32112.339
MinimumVisualStudioVersion = 10.0.40219.1
Project("{2150E333-8FDC-42A3-9474-1A3956D46DE8}") = "src", "src", "{5CB9C6E0-D2A7-4401-A8A6-7B281820A376}"
EndProject
Project("{9A19103F-16F7-4668-BE54-9A1E7A4F7556}") = "TicketsApi", "src\TicketsApi\TicketsApi.csproj", "{683B049D-3946-4FFD-9595-41C7F859B540}"
EndProject
Project("{9A19103F-16F7-4668-BE54-9A1E7A4F7556}") = "TicketsClient", "src\TicketsClient\TicketsClient.csproj", "{D4F89AA6-DE74-489A-8995-98F4B6EEF25F}"
EndProject
Project("{FAE04EC0-301F-11D3-BF4B-00C04F79EFBC}") = "WcfWeatherService", "src\WcfWeatherService\WcfWeatherService.csproj", "{62F4B240-E3F2-4A3A-B6D2-11AB4F5981C5}"
EndProject
Project("{9A19103F-16F7-4668-BE54-9A1E7A4F7556}") = "WcfWeatherClient", "src\WcfWeatherClient\WcfWeatherClient.csproj", "{272202BC-FB1F-46FC-98CC-C836813A7000}"
EndProject
Global
	GlobalSection(SolutionConfigurationPlatforms) = preSolution
		Debug|Any CPU = Debug|Any CPU
		Release|Any CPU = Release|Any CPU
	EndGlobalSection
	GlobalSection(ProjectConfigurationPlatforms) = postSolution
		{683B049D-3946-4FFD-9595-41C7F859B540}.Debug|Any CPU.ActiveCfg = Debug|Any CPU
		{683B049D-3946-4FFD-9595-41C7F859B540}.Debug|Any CPU.Build.0 = Debug|Any CPU
		{683B049D-3946-4FFD-9595-41C7F859B540}.Release|Any CPU.ActiveCfg = Release|Any CPU
		{683B049D-3946-4FFD-9595-41C7F859B540}.Release|Any CPU.Build.0 = Release|Any CPU
		{D4F89AA6-DE74-489A-8995-98F4B6EEF25F}.Debug|Any CPU.ActiveCfg = Debug|Any CPU
		{D4F89AA6-DE74-489A-8995-98F4B6EEF25F}.Debug|Any CPU.Build.0 = Debug|Any CPU
		{D4F89AA6-DE74-489A-8995-98F4B6EEF25F}.Release|Any CPU.ActiveCfg = Release|Any CPU
		{D4F89AA6-DE74-489A-8995-98F4B6EEF25F}.Release|Any CPU.Build.0 = Release|Any CPU
		{62F4B240-E3F2-4A3A-B6D2-11AB4F5981C5}.Debug|Any CPU.ActiveCfg = Debug|Any CPU
		{62F4B240-E3F2-4A3A-B6D2-11AB4F5981C5}.Debug|Any CPU.Build.0 = Debug|Any CPU
		{62F4B240-E3F2-4A3A-B6D2-11AB4F5981C5}.Release|Any CPU.ActiveCfg = Release|Any CPU
		{62F4B240-E3F2-4A3A-B6D2-11AB4F5981C5}.Release|Any CPU.Build.0 = Release|Any CPU
		{272202BC-FB1F-46FC-98CC-C836813A7000}.Debug|Any CPU.ActiveCfg = Debug|Any CPU
		{272202BC-FB1F-46FC-98CC-C836813A7000}.Debug|Any CPU.Build.0 = Debug|Any CPU
		{272202BC-FB1F-46FC-98CC-C836813A7000}.Release|Any CPU.ActiveCfg = Release|Any CPU
		{272202BC-FB1F-46FC-98CC-C836813A7000}.Release|Any CPU.Build.0 = Release|Any CPU
	EndGlobalSection
	GlobalSection(SolutionProperties) = preSolution
		HideSolutionNode = FALSE
	EndGlobalSection
	GlobalSection(NestedProjects) = preSolution
		{683B049D-3946-4FFD-9595-41C7F859B540} = {5CB9C6E0-D2A7-4401-A8A6-7B281820A376}
		{D4F89AA6-DE74-489A-8995-98F4B6EEF25F} = {5CB9C6E0-D2A7-4401-A8A6-7B281820A376}
		{62F4B240-E3F2-4A3A-B6D2-11AB4F5981C5} = {5CB9C6E0-D2A7-4401-A8A6-7B281820A376}
		{272202BC-FB1F-46FC-98CC-C836813A7000} = {5CB9C6E0-D2A7-4401-A8A6-7B281820A376}
	EndGlobalSection
	GlobalSection(ExtensibilityGlobals) = postSolution
		SolutionGuid = {24591988-93B0-406B-988F-39D5A6331828}
	EndGlobalSection
EndGlobal
